# This file is automatically @generated by Cargo.
# It is not intended for manual editing.
version = 3

[[package]]
name = "base64ct"
version = "1.6.0"
source = "registry+https://github.com/rust-lang/crates.io-index"
checksum = "8c3c1a368f70d6cf7302d78f8f7093da241fb8e8807c05cc9e51a125895a6d5b"

[[package]]
name = "cms"
version = "0.3.0-pre"
source = "git+https://github.com/RustCrypto/formats.git#819b1726dc9ac8d39c19eb6b827d909a7274fc3e"
dependencies = [
 "const-oid",
 "der",
 "spki",
 "x509-cert",
]

[[package]]
name = "const-oid"
version = "0.10.0-pre.2"
source = "git+https://github.com/RustCrypto/formats.git#819b1726dc9ac8d39c19eb6b827d909a7274fc3e"

[[package]]
name = "der"
version = "0.8.0-pre.0"
source = "git+https://github.com/RustCrypto/formats.git#819b1726dc9ac8d39c19eb6b827d909a7274fc3e"
dependencies = [
 "const-oid",
 "der_derive",
 "flagset",
 "pem-rfc7468",
 "zeroize",
]

[[package]]
name = "der_derive"
version = "0.8.0-pre.0"
source = "git+https://github.com/RustCrypto/formats.git#819b1726dc9ac8d39c19eb6b827d909a7274fc3e"
dependencies = [
 "proc-macro2",
 "quote",
 "syn",
]

[[package]]
name = "flagset"
version = "0.4.5"
source = "registry+https://github.com/rust-lang/crates.io-index"
checksum = "cdeb3aa5e95cf9aabc17f060cfa0ced7b83f042390760ca53bf09df9968acaa1"

[[package]]
name = "hex-literal"
version = "0.3.4"
source = "registry+https://github.com/rust-lang/crates.io-index"
checksum = "7ebdb29d2ea9ed0083cd8cece49bbd968021bd99b0849edb4a9a7ee0fdf6a4e0"

[[package]]
name = "pem-rfc7468"
version = "1.0.0-pre.0"
source = "registry+https://github.com/rust-lang/crates.io-index"
checksum = "76a65e1c27d1680f8805b3f8c9949f08d6aa5d6cbd088c9896e64a53821dc27d"
dependencies = [
 "base64ct",
]

[[package]]
name = "pqckeys"
version = "0.1.0"
dependencies = [
 "cms",
 "const-oid",
 "der",
 "flagset",
 "hex-literal",
 "spki",
 "x509-cert",
]

[[package]]
name = "proc-macro2"
version = "1.0.79"
source = "registry+https://github.com/rust-lang/crates.io-index"
checksum = "e835ff2298f5721608eb1a980ecaee1aef2c132bf95ecc026a11b7bf3c01c02e"
dependencies = [
 "unicode-ident",
]

[[package]]
name = "quote"
version = "1.0.35"
source = "registry+https://github.com/rust-lang/crates.io-index"
checksum = "291ec9ab5efd934aaf503a6466c5d5251535d108ee747472c3977cc5acc868ef"
dependencies = [
 "proc-macro2",
]

[[package]]
name = "spki"
version = "0.8.0-pre.0"
source = "git+https://github.com/RustCrypto/formats.git#819b1726dc9ac8d39c19eb6b827d909a7274fc3e"
dependencies = [
 "base64ct",
 "der",
]

[[package]]
name = "syn"
version = "2.0.52"
source = "registry+https://github.com/rust-lang/crates.io-index"
checksum = "b699d15b36d1f02c3e7c69f8ffef53de37aefae075d8488d4ba1a7788d574a07"
dependencies = [
 "proc-macro2",
 "quote",
 "unicode-ident",
]

[[package]]
name = "unicode-ident"
version = "1.0.12"
source = "registry+https://github.com/rust-lang/crates.io-index"
checksum = "3354b9ac3fae1ff6755cb6db53683adb661634f67557942dea4facebec0fee4b"

[[package]]
name = "x509-cert"
version = "0.3.0-pre"
source = "git+https://github.com/RustCrypto/formats.git#819b1726dc9ac8d39c19eb6b827d909a7274fc3e"
dependencies = [
 "const-oid",
 "der",
 "spki",
]

[[package]]
name = "zeroize"
version = "1.7.0"
source = "registry+https://github.com/rust-lang/crates.io-index"
checksum = "525b4ec142c6b68a2d10f01f7bbf6755599ca3f81ea53b8431b7dd348f5fdb2d"
